
Microsoft Visual Studio Solution File, Format Version 12.00
# Visual Studio Version 17
VisualStudioVersion = 17.1.32210.238
MinimumVisualStudioVersion = 10.0.40219.1
Project("{FAE04EC0-301F-11D3-BF4B-00C04F79EFBC}") = "BulkyBookWeb", "BulkyBookWeb.csproj", "{C6EA0389-1852-417D-8BD8-B7BE82583120}"
EndProject
Global
	GlobalSection(SolutionConfigurationPlatforms) = preSolution
		Debug|Any CPU = Debug|Any CPU
		Release|Any CPU = Release|Any CPU
	EndGlobalSection
	GlobalSection(ProjectConfigurationPlatforms) = postSolution
		{C6EA0389-1852-417D-8BD8-B7BE82583120}.Debug|Any CPU.ActiveCfg = Debug|Any CPU
		{C6EA0389-1852-417D-8BD8-B7BE82583120}.Debug|Any CPU.Build.0 = Debug|Any CPU
		{C6EA0389-1852-417D-8BD8-B7BE82583120}.Release|Any CPU.ActiveCfg = Release|Any CPU
		{C6EA0389-1852-417D-8BD8-B7BE82583120}.Release|Any CPU.Build.0 = Release|Any CPU
	EndGlobalSection
	GlobalSection(SolutionProperties) = preSolution
		HideSolutionNode = FALSE
	EndGlobalSection
	GlobalSection(ExtensibilityGlobals) = postSolution
		SolutionGuid = {C1E95A7A-9802-4396-A196-B8F7CE935A8C}
	EndGlobalSection
EndGlobal
